
Microsoft Visual Studio Solution File, Format Version 12.00
# Visual Studio 15
VisualStudioVersion = 15.0.27703.2035
MinimumVisualStudioVersion = 10.0.40219.1
Project("{9A19103F-16F7-4668-BE54-9A1E7A4F7556}") = "ConvertStructureDFToSQLColumns", "ConvertStructureDFToSQLColumns\ConvertStructureDFToSQLColumns.csproj", "{30081FDE-B731-4AB1-8232-302280944F86}"
EndProject
Global
	GlobalSection(SolutionConfigurationPlatforms) = preSolution
		Debug|Any CPU = Debug|Any CPU
		Release|Any CPU = Release|Any CPU
	EndGlobalSection
	GlobalSection(ProjectConfigurationPlatforms) = postSolution
		{30081FDE-B731-4AB1-8232-302280944F86}.Debug|Any CPU.ActiveCfg = Debug|Any CPU
		{30081FDE-B731-4AB1-8232-302280944F86}.Debug|Any CPU.Build.0 = Debug|Any CPU
		{30081FDE-B731-4AB1-8232-302280944F86}.Release|Any CPU.ActiveCfg = Release|Any CPU
		{30081FDE-B731-4AB1-8232-302280944F86}.Release|Any CPU.Build.0 = Release|Any CPU
	EndGlobalSection
	GlobalSection(SolutionProperties) = preSolution
		HideSolutionNode = FALSE
	EndGlobalSection
	GlobalSection(ExtensibilityGlobals) = postSolution
		SolutionGuid = {E20AE724-8983-4468-AFEB-68059C72D7F9}
	EndGlobalSection
EndGlobal
